
Microsoft Visual Studio Solution File, Format Version 12.00
# Visual Studio Version 17
VisualStudioVersion = 17.9.34616.47
MinimumVisualStudioVersion = 10.0.40219.1
Project("{FAE04EC0-301F-11D3-BF4B-00C04F79EFBC}") = "YGN-WaveDemo-Test", "YGN-WaveDemo-Test\YGN-WaveDemo-Test.csproj", "{CF0DDBD7-966D-46A5-9656-DB64CA786BB4}"
EndProject
Global
	GlobalSection(SolutionConfigurationPlatforms) = preSolution
		Debug|Any CPU = Debug|Any CPU
		Release|Any CPU = Release|Any CPU
	EndGlobalSection
	GlobalSection(ProjectConfigurationPlatforms) = postSolution
		{CF0DDBD7-966D-46A5-9656-DB64CA786BB4}.Debug|Any CPU.ActiveCfg = Debug|Any CPU
		{CF0DDBD7-966D-46A5-9656-DB64CA786BB4}.Debug|Any CPU.Build.0 = Debug|Any CPU
		{CF0DDBD7-966D-46A5-9656-DB64CA786BB4}.Release|Any CPU.ActiveCfg = Release|Any CPU
		{CF0DDBD7-966D-46A5-9656-DB64CA786BB4}.Release|Any CPU.Build.0 = Release|Any CPU
	EndGlobalSection
	GlobalSection(SolutionProperties) = preSolution
		HideSolutionNode = FALSE
	EndGlobalSection
	GlobalSection(ExtensibilityGlobals) = postSolution
		SolutionGuid = {2012189B-DB83-4D62-868B-E600810C9F22}
	EndGlobalSection
EndGlobal
